
Microsoft Visual Studio Solution File, Format Version 12.00
# Visual Studio Version 17
VisualStudioVersion = 17.14.36221.1
MinimumVisualStudioVersion = 10.0.40219.1
Project("{FAE04EC0-301F-11D3-BF4B-00C04F79EFBC}") = "PROEL4W", "PROEL4W.csproj", "{833440AA-6DE8-4FC3-9538-AED8E54C57C2}"
EndProject
Global
	GlobalSection(SolutionConfigurationPlatforms) = preSolution
		Debug|Any CPU = Debug|Any CPU
		Release|Any CPU = Release|Any CPU
	EndGlobalSection
	GlobalSection(ProjectConfigurationPlatforms) = postSolution
		{833440AA-6DE8-4FC3-9538-AED8E54C57C2}.Debug|Any CPU.ActiveCfg = Debug|Any CPU
		{833440AA-6DE8-4FC3-9538-AED8E54C57C2}.Debug|Any CPU.Build.0 = Debug|Any CPU
		{833440AA-6DE8-4FC3-9538-AED8E54C57C2}.Release|Any CPU.ActiveCfg = Release|Any CPU
		{833440AA-6DE8-4FC3-9538-AED8E54C57C2}.Release|Any CPU.Build.0 = Release|Any CPU
	EndGlobalSection
	GlobalSection(SolutionProperties) = preSolution
		HideSolutionNode = FALSE
	EndGlobalSection
	GlobalSection(ExtensibilityGlobals) = postSolution
		SolutionGuid = {3DAE3B42-925F-4C4E-8B65-92F5BB86A23B}
	EndGlobalSection
EndGlobal
